// !$*UTF8*$!
{
	archiveVersion = 1;
	classes = {
	};
	objectVersion = 46;
	objects = {

/* Begin PBXBuildFile section */
		2462801F1FBDB1DF0053B06B /* GHConsole.m in Sources */ = {isa = PBXBuildFile; fileRef = 2462801E1FBDB1DF0053B06B /* GHConsole.m */; };
		36B83096213FB93900252E30 /* icon@2x.png in Resources */ = {isa = PBXBuildFile; fileRef = 36B83095213FB93900252E30 /* icon@2x.png */; };
		9F46E6BC1EE1033D00087E4B /* main.m in Sources */ = {isa = PBXBuildFile; fileRef = 9F46E6BB1EE1033D00087E4B /* main.m */; };
		9F46E6BF1EE1033D00087E4B /* AppDelegate.m in Sources */ = {isa = PBXBuildFile; fileRef = 9F46E6BE1EE1033D00087E4B /* AppDelegate.m */; };
		9F46E6C21EE1033D00087E4B /* ViewController.m in Sources */ = {isa = PBXBuildFile; fileRef = 9F46E6C11EE1033D00087E4B /* ViewController.m */; };
		9F46E6C51EE1033D00087E4B /* Main.storyboard in Resources */ = {isa = PBXBuildFile; fileRef = 9F46E6C31EE1033D00087E4B /* Main.storyboard */; };
		9F46E6C71EE1033D00087E4B /* Assets.xcassets in Resources */ = {isa = PBXBuildFile; fileRef = 9F46E6C61EE1033D00087E4B /* Assets.xcassets */; };
		9F46E6CA1EE1033D00087E4B /* LaunchScreen.storyboard in Resources */ = {isa = PBXBuildFile; fileRef = 9F46E6C81EE1033D00087E4B /* LaunchScreen.storyboard */; };
/* End PBXBuildFile section */

/* Begin PBXContainerItemProxy section */
		9F46E6D11EE1033D00087E4B /* PBXContainerItemProxy */ = {
			isa = PBXContainerItemProxy;
			containerPortal = 9F46E6AF1EE1033D00087E4B /* Project object */;
			proxyType = 1;
			remoteGlobalIDString = 9F46E6B61EE1033D00087E4B;
			remoteInfo = GHConsole;
		};
		9F46E6DC1EE1033D00087E4B /* PBXContainerItemProxy */ = {
			isa = PBXContainerItemProxy;
			containerPortal = 9F46E6AF1EE1033D00087E4B /* Project object */;
			proxyType = 1;
			remoteGlobalIDString = 9F46E6B61EE1033D00087E4B;
			remoteInfo = GHConsole;
		};
/* End PBXContainerItemProxy section */

/* Begin PBXFileReference section */
		2462801D1FBDB1DF0053B06B /* GHConsole.h */ = {isa = PBXFileReference; fileEncoding = 4; lastKnownFileType = sourcecode.c.h; path = GHConsole.h; sourceTree = "<group>"; };
		2462801E1FBDB1DF0053B06B /* GHConsole.m */ = {isa = PBXFileReference; fileEncoding = 4; lastKnownFileType = sourcecode.c.objc; path = GHConsole.m; sourceTree = "<group>"; };
		36B83095213FB93900252E30 /* icon@2x.png */ = {isa = PBXFileReference; lastKnownFileType = image.png; path = "icon@2x.png"; sourceTree = "<group>"; };
		9F46E6B71EE1033D00087E4B /* GHConsole.app */ = {isa = PBXFileReference; explicitFileType = wrapper.application; includeInIndex = 0; path = GHConsole.app; sourceTree = BUILT_PRODUCTS_DIR; };
		9F46E6BB1EE1033D00087E4B /* main.m */ = {isa = PBXFileReference; lastKnownFileType = sourcecode.c.objc; path = main.m; sourceTree = "<group>"; };
		9F46E6BD1EE1033D00087E4B /* AppDelegate.h */ = {isa = PBXFileReference; lastKnownFileType = sourcecode.c.h; path = AppDelegate.h; sourceTree = "<group>"; };
		9F46E6BE1EE1033D00087E4B /* AppDelegate.m */ = {isa = PBXFileReference; lastKnownFileType = sourcecode.c.objc; path = AppDelegate.m; sourceTree = "<group>"; };
		9F46E6C01EE1033D00087E4B /* ViewController.h */ = {isa = PBXFileReference; lastKnownFileType = sourcecode.c.h; path = ViewController.h; sourceTree = "<group>"; };
		9F46E6C11EE1033D00087E4B /* ViewController.m */ = {isa = PBXFileReference; lastKnownFileType = sourcecode.c.objc; path = ViewController.m; sourceTree = "<group>"; };
		9F46E6C41EE1033D00087E4B /* Base */ = {isa = PBXFileReference; lastKnownFileType = file.storyboard; name = Base; path = Base.lproj/Main.storyboard; sourceTree = "<group>"; };
		9F46E6C61EE1033D00087E4B /* Assets.xcassets */ = {isa = PBXFileReference; lastKnownFileType = folder.assetcatalog; path = Assets.xcassets; sourceTree = "<group>"; };
		9F46E6C91EE1033D00087E4B /* Base */ = {isa = PBXFileReference; lastKnownFileType = file.storyboard; name = Base; path = Base.lproj/LaunchScreen.storyboard; sourceTree = "<group>"; };
		9F46E6CB1EE1033D00087E4B /* Info.plist */ = {isa = PBXFileReference; lastKnownFileType = text.plist.xml; path = Info.plist; sourceTree = "<group>"; };
		9F46E6D01EE1033D00087E4B /* GHConsoleTests.xctest */ = {isa = PBXFileReference; explicitFileType = wrapper.cfbundle; includeInIndex = 0; path = GHConsoleTests.xctest; sourceTree = BUILT_PRODUCTS_DIR; };
		9F46E6DB1EE1033D00087E4B /* GHConsoleUITests.xctest */ = {isa = PBXFileReference; explicitFileType = wrapper.cfbundle; includeInIndex = 0; path = GHConsoleUITests.xctest; sourceTree = BUILT_PRODUCTS_DIR; };
/* End PBXFileReference section */

/* Begin PBXFrameworksBuildPhase section */
		9F46E6B41EE1033D00087E4B /* Frameworks */ = {
			isa = PBXFrameworksBuildPhase;
			buildActionMask = 2147483647;
			files = (
			);
			runOnlyForDeploymentPostprocessing = 0;
		};
		9F46E6CD1EE1033D00087E4B /* Frameworks */ = {
			isa = PBXFrameworksBuildPhase;
			buildActionMask = 2147483647;
			files = (
			);
			runOnlyForDeploymentPostprocessing = 0;
		};
		9F46E6D81EE1033D00087E4B /* Frameworks */ = {
			isa = PBXFrameworksBuildPhase;
			buildActionMask = 2147483647;
			files = (
			);
			runOnlyForDeploymentPostprocessing = 0;
		};
/* End PBXFrameworksBuildPhase section */

/* Begin PBXGroup section */
		2462801C1FBDB1DF0053B06B /* GHConsole */ = {
			isa = PBXGroup;
			children = (
				36B83095213FB93900252E30 /* icon@2x.png */,
				2462801D1FBDB1DF0053B06B /* GHConsole.h */,
				2462801E1FBDB1DF0053B06B /* GHConsole.m */,
			);
			path = GHConsole;
			sourceTree = "<group>";
		};
		9F46E6AE1EE1033D00087E4B = {
			isa = PBXGroup;
			children = (
				9F46E6B91EE1033D00087E4B /* GHConsole */,
				9F46E6B81EE1033D00087E4B /* Products */,
			);
			sourceTree = "<group>";
		};
		9F46E6B81EE1033D00087E4B /* Products */ = {
			isa = PBXGroup;
			children = (
				9F46E6B71EE1033D00087E4B /* GHConsole.app */,
				9F46E6D01EE1033D00087E4B /* GHConsoleTests.xctest */,
				9F46E6DB1EE1033D00087E4B /* GHConsoleUITests.xctest */,
			);
			name = Products;
			sourceTree = "<group>";
		};
		9F46E6B91EE1033D00087E4B /* GHConsole */ = {
			isa = PBXGroup;
			children = (
				9F46E6BD1EE1033D00087E4B /* AppDelegate.h */,
				9F46E6BE1EE1033D00087E4B /* AppDelegate.m */,
				9F46E6C01EE1033D00087E4B /* ViewController.h */,
				9F46E6C11EE1033D00087E4B /* ViewController.m */,
				2462801C1FBDB1DF0053B06B /* GHConsole */,
				9F46E6C31EE1033D00087E4B /* Main.storyboard */,
				9F46E6C61EE1033D00087E4B /* Assets.xcassets */,
				9F46E6C81EE1033D00087E4B /* LaunchScreen.storyboard */,
				9F46E6CB1EE1033D00087E4B /* Info.plist */,
				9F46E6BA1EE1033D00087E4B /* Supporting Files */,
			);
			path = GHConsole;
			sourceTree = "<group>";
		};
		9F46E6BA1EE1033D00087E4B /* Supporting Files */ = {
			isa = PBXGroup;
			children = (
				9F46E6BB1EE1033D00087E4B /* main.m */,
			);
			name = "Supporting Files";
			sourceTree = "<group>";
		};
/* End PBXGroup section */

/* Begin PBXNativeTarget section */
		9F46E6B61EE1033D00087E4B /* GHConsole */ = {
			isa = PBXNativeTarget;
			buildConfigurationList = 9F46E6E41EE1033D00087E4B /* Build configuration list for PBXNativeTarget "GHConsole" */;
			buildPhases = (
				9F46E6B31EE1033D00087E4B /* Sources */,
				9F46E6B41EE1033D00087E4B /* Frameworks */,
				9F46E6B51EE1033D00087E4B /* Resources */,
			);
			buildRules = (
			);
			dependencies = (
			);
			name = GHConsole;
			productName = GHConsole;
			productReference = 9F46E6B71EE1033D00087E4B /* GHConsole.app */;
			productType = "com.apple.product-type.application";
		};
		9F46E6CF1EE1033D00087E4B /* GHConsoleTests */ = {
			isa = PBXNativeTarget;
			buildConfigurationList = 9F46E6E71EE1033D00087E4B /* Build configuration list for PBXNativeTarget "GHConsoleTests" */;
			buildPhases = (
				9F46E6CC1EE1033D00087E4B /* Sources */,
				9F46E6CD1EE1033D00087E4B /* Frameworks */,
				9F46E6CE1EE1033D00087E4B /* Resources */,
			);
			buildRules = (
			);
			dependencies = (
				9F46E6D21EE1033D00087E4B /* PBXTargetDependency */,
			);
			name = GHConsoleTests;
			productName = GHConsoleTests;
			productReference = 9F46E6D01EE1033D00087E4B /* GHConsoleTests.xctest */;
			productType = "com.apple.product-type.bundle.unit-test";
		};
		9F46E6DA1EE1033D00087E4B /* GHConsoleUITests */ = {
			isa = PBXNativeTarget;
			buildConfigurationList = 9F46E6EA1EE1033D00087E4B /* Build configuration list for PBXNativeTarget "GHConsoleUITests" */;
			buildPhases = (
				9F46E6D71EE1033D00087E4B /* Sources */,
				9F46E6D81EE1033D00087E4B /* Frameworks */,
				9F46E6D91EE1033D00087E4B /* Resources */,
			);
			buildRules = (
			);
			dependencies = (
				9F46E6DD1EE1033D00087E4B /* PBXTargetDependency */,
			);
			name = GHConsoleUITests;
			productName = GHConsoleUITests;
			productReference = 9F46E6DB1EE1033D00087E4B /* GHConsoleUITests.xctest */;
			productType = "com.apple.product-type.bundle.ui-testing";
		};
/* End PBXNativeTarget section */

/* Begin PBXProject section */
		9F46E6AF1EE1033D00087E4B /* Project object */ = {
			isa = PBXProject;
			attributes = {
				LastUpgradeCheck = 0910;
				ORGANIZATIONNAME = "廖光辉";
				TargetAttributes = {
					9F46E6B61EE1033D00087E4B = {
						CreatedOnToolsVersion = 8.3.1;
						ProvisioningStyle = Automatic;
					};
					9F46E6CF1EE1033D00087E4B = {
						CreatedOnToolsVersion = 8.3.1;
						ProvisioningStyle = Automatic;
						TestTargetID = 9F46E6B61EE1033D00087E4B;
					};
					9F46E6DA1EE1033D00087E4B = {
						CreatedOnToolsVersion = 8.3.1;
						ProvisioningStyle = Automatic;
						TestTargetID = 9F46E6B61EE1033D00087E4B;
					};
				};
			};
			buildConfigurationList = 9F46E6B21EE1033D00087E4B /* Build configuration list for PBXProject "GHConsole" */;
			compatibilityVersion = "Xcode 3.2";
			developmentRegion = English;
			hasScannedForEncodings = 0;
			knownRegions = (
				en,
				Base,
			);
			mainGroup = 9F46E6AE1EE1033D00087E4B;
			productRefGroup = 9F46E6B81EE1033D00087E4B /* Products */;
			projectDirPath = "";
			projectRoot = "";
			targets = (
				9F46E6B61EE1033D00087E4B /* GHConsole */,
				9F46E6CF1EE1033D00087E4B /* GHConsoleTests */,
				9F46E6DA1EE1033D00087E4B /* GHConsoleUITests */,
			);
		};
/* End PBXProject section */

/* Begin PBXResourcesBuildPhase section */
		9F46E6B51EE1033D00087E4B /* Resources */ = {
			isa = PBXResourcesBuildPhase;
			buildActionMask = 2147483647;
			files = (
				9F46E6CA1EE1033D00087E4B /* LaunchScreen.storyboard in Resources */,
				36B83096213FB93900252E30 /* icon@2x.png in Resources */,
				9F46E6C71EE1033D00087E4B /* Assets.xcassets in Resources */,
				9F46E6C51EE1033D00087E4B /* Main.storyboard in Resources */,
			);
			runOnlyForDeploymentPostprocessing = 0;
		};
		9F46E6CE1EE1033D00087E4B /* Resources */ = {
			isa = PBXResourcesBuildPhase;
			buildActionMask = 2147483647;
			files = (
			);
			runOnlyForDeploymentPostprocessing = 0;
		};
		9F46E6D91EE1033D00087E4B /* Resources */ = {
			isa = PBXResourcesBuildPhase;
			buildActionMask = 2147483647;
			files = (
			);
			runOnlyForDeploymentPostprocessing = 0;
		};
/* End PBXResourcesBuildPhase section */

/* Begin PBXSourcesBuildPhase section */
		9F46E6B31EE1033D00087E4B /* Sources */ = {
			isa = PBXSourcesBuildPhase;
			buildActionMask = 2147483647;
			files = (
				2462801F1FBDB1DF0053B06B /* GHConsole.m in Sources */,
				9F46E6C21EE1033D00087E4B /* ViewController.m in Sources */,
				9F46E6BF1EE1033D00087E4B /* AppDelegate.m in Sources */,
				9F46E6BC1EE1033D00087E4B /* main.m in Sources */,
			);
			runOnlyForDeploymentPostprocessing = 0;
		};
		9F46E6CC1EE1033D00087E4B /* Sources */ = {
			isa = PBXSourcesBuildPhase;
			buildActionMask = 2147483647;
			files = (
			);
			runOnlyForDeploymentPostprocessing = 0;
		};
		9F46E6D71EE1033D00087E4B /* Sources */ = {
			isa = PBXSourcesBuildPhase;
			buildActionMask = 2147483647;
			files = (
			);
			runOnlyForDeploymentPostprocessing = 0;
		};
/* End PBXSourcesBuildPhase section */

/* Begin PBXTargetDependency section */
		9F46E6D21EE1033D00087E4B /* PBXTargetDependency */ = {
			isa = PBXTargetDependency;
			target = 9F46E6B61EE1033D00087E4B /* GHConsole */;
			targetProxy = 9F46E6D11EE1033D00087E4B /* PBXContainerItemProxy */;
		};
		9F46E6DD1EE1033D00087E4B /* PBXTargetDependency */ = {
			isa = PBXTargetDependency;
			target = 9F46E6B61EE1033D00087E4B /* GHConsole */;
			targetProxy = 9F46E6DC1EE1033D00087E4B /* PBXContainerItemProxy */;
		};
/* End PBXTargetDependency section */

/* Begin PBXVariantGroup section */
		9F46E6C31EE1033D00087E4B /* Main.storyboard */ = {
			isa = PBXVariantGroup;
			children = (
				9F46E6C41EE1033D00087E4B /* Base */,
			);
			name = Main.storyboard;
			sourceTree = "<group>";
		};
		9F46E6C81EE1033D00087E4B /* LaunchScreen.storyboard */ = {
			isa = PBXVariantGroup;
			children = (
				9F46E6C91EE1033D00087E4B /* Base */,
			);
			name = LaunchScreen.storyboard;
			sourceTree = "<group>";
		};
/* End PBXVariantGroup section */

/* Begin XCBuildConfiguration section */
		9F46E6E21EE1033D00087E4B /* Debug */ = {
			isa = XCBuildConfiguration;
			buildSettings = {
				ALWAYS_SEARCH_USER_PATHS = NO;
				CLANG_ANALYZER_NONNULL = YES;
				CLANG_ANALYZER_NUMBER_OBJECT_CONVERSION = YES_AGGRESSIVE;
				CLANG_CXX_LANGUAGE_STANDARD = "gnu++0x";
				CLANG_CXX_LIBRARY = "libc++";
				CLANG_ENABLE_MODULES = YES;
				CLANG_ENABLE_OBJC_ARC = YES;
				CLANG_WARN_BLOCK_CAPTURE_AUTORELEASING = YES;
				CLANG_WARN_BOOL_CONVERSION = YES;
				CLANG_WARN_COMMA = YES;
				CLANG_WARN_CONSTANT_CONVERSION = YES;
				CLANG_WARN_DIRECT_OBJC_ISA_USAGE = YES_ERROR;
				CLANG_WARN_DOCUMENTATION_COMMENTS = YES;
				CLANG_WARN_EMPTY_BODY = YES;
				CLANG_WARN_ENUM_CONVERSION = YES;
				CLANG_WARN_INFINITE_RECURSION = YES;
				CLANG_WARN_INT_CONVERSION = YES;
				CLANG_WARN_NON_LITERAL_NULL_CONVERSION = YES;
				CLANG_WARN_OBJC_LITERAL_CONVERSION = YES;
				CLANG_WARN_OBJC_ROOT_CLASS = YES_ERROR;
				CLANG_WARN_RANGE_LOOP_ANALYSIS = YES;
				CLANG_WARN_STRICT_PROTOTYPES = YES;
				CLANG_WARN_SUSPICIOUS_MOVE = YES;
				CLANG_WARN_UNREACHABLE_CODE = YES;
				CLANG_WARN__DUPLICATE_METHOD_MATCH = YES;
				"CODE_SIGN_IDENTITY[sdk=iphoneos*]" = "iPhone Developer";
				COPY_PHASE_STRIP = NO;
				DEBUG_INFORMATION_FORMAT = dwarf;
				ENABLE_STRICT_OBJC_MSGSEND = YES;
				ENABLE_TESTABILITY = YES;
				GCC_C_LANGUAGE_STANDARD = gnu99;
				GCC_DYNAMIC_NO_PIC = NO;
				GCC_NO_COMMON_BLOCKS = YES;
				GCC_OPTIMIZATION_LEVEL = 0;
				GCC_PREFIX_HEADER = PrefixHeader.pch;
				GCC_PREPROCESSOR_DEFINITIONS = (
					"DEBUG=1",
					"$(inherited)",
				);
				GCC_WARN_64_TO_32_BIT_CONVERSION = YES;
				GCC_WARN_ABOUT_RETURN_TYPE = YES_ERROR;
				GCC_WARN_UNDECLARED_SELECTOR = YES;
				GCC_WARN_UNINITIALIZED_AUTOS = YES_AGGRESSIVE;
				GCC_WARN_UNUSED_FUNCTION = YES;
				GCC_WARN_UNUSED_VARIABLE = YES;
				IPHONEOS_DEPLOYMENT_TARGET = 10.3;
				MTL_ENABLE_DEBUG_INFO = YES;
				ONLY_ACTIVE_ARCH = YES;
				SDKROOT = iphoneos;
				TARGETED_DEVICE_FAMILY = "1,2";
			};
			name = Debug;
		};
		9F46E6E31EE1033D00087E4B /* Release */ = {
			isa = XCBuildConfiguration;
			buildSettings = {
				ALWAYS_SEARCH_USER_PATHS = NO;
				CLANG_ANALYZER_NONNULL = YES;
				CLANG_ANALYZER_NUMBER_OBJECT_CONVERSION = YES_AGGRESSIVE;
				CLANG_CXX_LANGUAGE_STANDARD = "gnu++0x";
				CLANG_CXX_LIBRARY = "libc++";
				CLANG_ENABLE_MODULES = YES;
				CLANG_ENABLE_OBJC_ARC = YES;
				CLANG_WARN_BLOCK_CAPTURE_AUTORELEASING = YES;
				CLANG_WARN_BOOL_CONVERSION = YES;
				CLANG_WARN_COMMA = YES;
				CLANG_WARN_CONSTANT_CONVERSION = YES;
				CLANG_WARN_DIRECT_OBJC_ISA_USAGE = YES_ERROR;
				CLANG_WARN_DOCUMENTATION_COMMENTS = YES;
				CLANG_WARN_EMPTY_BODY = YES;
				CLANG_WARN_ENUM_CONVERSION = YES;
				CLANG_WARN_INFINITE_RECURSION = YES;
				CLANG_WARN_INT_CONVERSION = YES;
				CLANG_WARN_NON_LITERAL_NULL_CONVERSION = YES;
				CLANG_WARN_OBJC_LITERAL_CONVERSION = YES;
				CLANG_WARN_OBJC_ROOT_CLASS = YES_ERROR;
				CLANG_WARN_RANGE_LOOP_ANALYSIS = YES;
				CLANG_WARN_STRICT_PROTOTYPES = YES;
				CLANG_WARN_SUSPICIOUS_MOVE = YES;
				CLANG_WARN_UNREACHABLE_CODE = YES;
				CLANG_WARN__DUPLICATE_METHOD_MATCH = YES;
				"CODE_SIGN_IDENTITY[sdk=iphoneos*]" = "iPhone Developer";
				COPY_PHASE_STRIP = NO;
				DEBUG_INFORMATION_FORMAT = "dwarf-with-dsym";
				ENABLE_NS_ASSERTIONS = NO;
				ENABLE_STRICT_OBJC_MSGSEND = YES;
				GCC_C_LANGUAGE_STANDARD = gnu99;
				GCC_NO_COMMON_BLOCKS = YES;
				GCC_PREFIX_HEADER = PrefixHeader.pch;
				GCC_WARN_64_TO_32_BIT_CONVERSION = YES;
				GCC_WARN_ABOUT_RETURN_TYPE = YES_ERROR;
				GCC_WARN_UNDECLARED_SELECTOR = YES;
				GCC_WARN_UNINITIALIZED_AUTOS = YES_AGGRESSIVE;
				GCC_WARN_UNUSED_FUNCTION = YES;
				GCC_WARN_UNUSED_VARIABLE = YES;
				IPHONEOS_DEPLOYMENT_TARGET = 10.3;
				MTL_ENABLE_DEBUG_INFO = NO;
				SDKROOT = iphoneos;
				TARGETED_DEVICE_FAMILY = "1,2";
				VALIDATE_PRODUCT = YES;
			};
			name = Release;
		};
		9F46E6E51EE1033D00087E4B /* Debug */ = {
			isa = XCBuildConfiguration;
			buildSettings = {
				ASSETCATALOG_COMPILER_APPICON_NAME = AppIcon;
				DEVELOPMENT_TEAM = "";
				GCC_PREFIX_HEADER = "";
				INFOPLIST_FILE = GHConsole/Info.plist;
				IPHONEOS_DEPLOYMENT_TARGET = 8.0;
				LD_RUNPATH_SEARCH_PATHS = "$(inherited) @executable_path/Frameworks";
				PRODUCT_BUNDLE_IDENTIFIER = com.yunlan.ghconsole;
				PRODUCT_NAME = "$(TARGET_NAME)";
			};
			name = Debug;
		};
		9F46E6E61EE1033D00087E4B /* Release */ = {
			isa = XCBuildConfiguration;
			buildSettings = {
				ASSETCATALOG_COMPILER_APPICON_NAME = AppIcon;
				DEVELOPMENT_TEAM = "";
				GCC_PREFIX_HEADER = "";
				INFOPLIST_FILE = GHConsole/Info.plist;
				IPHONEOS_DEPLOYMENT_TARGET = 8.0;
				LD_RUNPATH_SEARCH_PATHS = "$(inherited) @executable_path/Frameworks";
				PRODUCT_BUNDLE_IDENTIFIER = com.yunlan.ghconsole;
				PRODUCT_NAME = "$(TARGET_NAME)";
			};
			name = Release;
		};
		9F46E6E81EE1033D00087E4B /* Debug */ = {
			isa = XCBuildConfiguration;
			buildSettings = {
				BUNDLE_LOADER = "$(TEST_HOST)";
				INFOPLIST_FILE = GHConsoleTests/Info.plist;
				LD_RUNPATH_SEARCH_PATHS = "$(inherited) @executable_path/Frameworks @loader_path/Frameworks";
				PRODUCT_BUNDLE_IDENTIFIER = com.zhanyu.GHConsoleTests;
				PRODUCT_NAME = "$(TARGET_NAME)";
				TEST_HOST = "$(BUILT_PRODUCTS_DIR)/GHConsole.app/GHConsole";
			};
			name = Debug;
		};
		9F46E6E91EE1033D00087E4B /* Release */ = {
			isa = XCBuildConfiguration;
			buildSettings = {
				BUNDLE_LOADER = "$(TEST_HOST)";
				INFOPLIST_FILE = GHConsoleTests/Info.plist;
				LD_RUNPATH_SEARCH_PATHS = "$(inherited) @executable_path/Frameworks @loader_path/Frameworks";
				PRODUCT_BUNDLE_IDENTIFIER = com.zhanyu.GHConsoleTests;
				PRODUCT_NAME = "$(TARGET_NAME)";
				TEST_HOST = "$(BUILT_PRODUCTS_DIR)/GHConsole.app/GHConsole";
			};
			name = Release;
		};
		9F46E6EB1EE1033D00087E4B /* Debug */ = {
			isa = XCBuildConfiguration;
			buildSettings = {
				INFOPLIST_FILE = GHConsoleUITests/Info.plist;
				LD_RUNPATH_SEARCH_PATHS = "$(inherited) @executable_path/Frameworks @loader_path/Frameworks";
				PRODUCT_BUNDLE_IDENTIFIER = com.zhanyu.GHConsoleUITests;
				PRODUCT_NAME = "$(TARGET_NAME)";
				TEST_TARGET_NAME = GHConsole;
			};
			name = Debug;
		};
		9F46E6EC1EE1033D00087E4B /* Release */ = {
			isa = XCBuildConfiguration;
			buildSettings = {
				INFOPLIST_FILE = GHConsoleUITests/Info.plist;
				LD_RUNPATH_SEARCH_PATHS = "$(inherited) @executable_path/Frameworks @loader_path/Frameworks";
				PRODUCT_BUNDLE_IDENTIFIER = com.zhanyu.GHConsoleUITests;
				PRODUCT_NAME = "$(TARGET_NAME)";
				TEST_TARGET_NAME = GHConsole;
			};
			name = Release;
		};
/* End XCBuildConfiguration section */

/* Begin XCConfigurationList section */
		9F46E6B21EE1033D00087E4B /* Build configuration list for PBXProject "GHConsole" */ = {
			isa = XCConfigurationList;
			buildConfigurations = (
				9F46E6E21EE1033D00087E4B /* Debug */,
				9F46E6E31EE1033D00087E4B /* Release */,
			);
			defaultConfigurationIsVisible = 0;
			defaultConfigurationName = Release;
		};
		9F46E6E41EE1033D00087E4B /* Build configuration list for PBXNativeTarget "GHConsole" */ = {
			isa = XCConfigurationList;
			buildConfigurations = (
				9F46E6E51EE1033D00087E4B /* Debug */,
				9F46E6E61EE1033D00087E4B /* Release */,
			);
			defaultConfigurationIsVisible = 0;
			defaultConfigurationName = Release;
		};
		9F46E6E71EE1033D00087E4B /* Build configuration list for PBXNativeTarget "GHConsoleTests" */ = {
			isa = XCConfigurationList;
			buildConfigurations = (
				9F46E6E81EE1033D00087E4B /* Debug */,
				9F46E6E91EE1033D00087E4B /* Release */,
			);
			defaultConfigurationIsVisible = 0;
			defaultConfigurationName = Release;
		};
		9F46E6EA1EE1033D00087E4B /* Build configuration list for PBXNativeTarget "GHConsoleUITests" */ = {
			isa = XCConfigurationList;
			buildConfigurations = (
				9F46E6EB1EE1033D00087E4B /* Debug */,
				9F46E6EC1EE1033D00087E4B /* Release */,
			);
			defaultConfigurationIsVisible = 0;
			defaultConfigurationName = Release;
		};
/* End XCConfigurationList section */
	};
	rootObject = 9F46E6AF1EE1033D00087E4B /* Project object */;
}
